{
  "originHash" : "11b78eba97192d19796cff581fdf69b3e65b441188b1448a1b67e5d7b825a354",
  "pins" : [
    {
      "identity" : "alamofire",
      "kind" : "remoteSourceControl",
      "location" : "https://github.com/Alamofire/Alamofire",
      "state" : {
        "revision" : "0c8cb78d05b6d067ee331c05058ff4dedcb45ffa",
        "version" : "5.0.0"
      }
    }
  ],
  "version" : 3
}
