// !$*UTF8*$!
{
	archiveVersion = 1;
	classes = {
	};
	objectVersion = 56;
	objects = {

/* Begin PBXBuildFile section */
		E80F92142C296FE400AD31E0 /* AppDelegate.swift in Sources */ = {isa = PBXBuildFile; fileRef = E80F92132C296FE400AD31E0 /* AppDelegate.swift */; };
		E80F92162C296FE400AD31E0 /* SceneDelegate.swift in Sources */ = {isa = PBXBuildFile; fileRef = E80F92152C296FE400AD31E0 /* SceneDelegate.swift */; };
		E80F92182C296FE400AD31E0 /* MovieListVC.swift in Sources */ = {isa = PBXBuildFile; fileRef = E80F92172C296FE400AD31E0 /* MovieListVC.swift */; };
		E80F921B2C296FE400AD31E0 /* Base in Resources */ = {isa = PBXBuildFile; fileRef = E80F921A2C296FE400AD31E0 /* Base */; };
		E80F921D2C296FE600AD31E0 /* Assets.xcassets in Resources */ = {isa = PBXBuildFile; fileRef = E80F921C2C296FE600AD31E0 /* Assets.xcassets */; };
		E80F92202C296FE600AD31E0 /* Base in Resources */ = {isa = PBXBuildFile; fileRef = E80F921F2C296FE600AD31E0 /* Base */; };
		E80F922B2C29781600AD31E0 /* Movie.swift in Sources */ = {isa = PBXBuildFile; fileRef = E80F922A2C29781600AD31E0 /* Movie.swift */; };
		E80F922D2C29783A00AD31E0 /* MovieListVM.swift in Sources */ = {isa = PBXBuildFile; fileRef = E80F922C2C29783A00AD31E0 /* MovieListVM.swift */; };
		E80F92302C297AA100AD31E0 /* MovieCell.swift in Sources */ = {isa = PBXBuildFile; fileRef = E80F922F2C297AA100AD31E0 /* MovieCell.swift */; };
		E8AA40202C2993D2000DD6C0 /* NetworkService.swift in Sources */ = {isa = PBXBuildFile; fileRef = E8AA401F2C2993D2000DD6C0 /* NetworkService.swift */; };
		E8AA40222C2995AB000DD6C0 /* APIError.swift in Sources */ = {isa = PBXBuildFile; fileRef = E8AA40212C2995AB000DD6C0 /* APIError.swift */; };
		E8AA40242C29B033000DD6C0 /* Utils.swift in Sources */ = {isa = PBXBuildFile; fileRef = E8AA40232C29B033000DD6C0 /* Utils.swift */; };
		E8AA40262C29BB8E000DD6C0 /* ImageLoader.swift in Sources */ = {isa = PBXBuildFile; fileRef = E8AA40252C29BB8E000DD6C0 /* ImageLoader.swift */; };
		E8AA402D2C2ACFAF000DD6C0 /* DetailVC.swift in Sources */ = {isa = PBXBuildFile; fileRef = E8AA402C2C2ACFAF000DD6C0 /* DetailVC.swift */; };
		E8AA402F2C2AEA7B000DD6C0 /* PosterVC.swift in Sources */ = {isa = PBXBuildFile; fileRef = E8AA402E2C2AEA7B000DD6C0 /* PosterVC.swift */; };
		E8AA40532C2B05FE000DD6C0 /* Alamofire in Frameworks */ = {isa = PBXBuildFile; productRef = E8AA40522C2B05FE000DD6C0 /* Alamofire */; };
		E8AA40552C2B0FE9000DD6C0 /* Domain.swift in Sources */ = {isa = PBXBuildFile; fileRef = E8AA40542C2B0FE9000DD6C0 /* Domain.swift */; };
		E8AA40582C2C36DF000DD6C0 /* AppError.swift in Sources */ = {isa = PBXBuildFile; fileRef = E8AA40572C2C36DF000DD6C0 /* AppError.swift */; };
		E8AA405A2C2C3B85000DD6C0 /* DownloadProgressView.swift in Sources */ = {isa = PBXBuildFile; fileRef = E8AA40592C2C3B85000DD6C0 /* DownloadProgressView.swift */; };
		E8AA405F2C2C3BE5000DD6C0 /* ActivityIndicator.swift in Sources */ = {isa = PBXBuildFile; fileRef = E8AA405E2C2C3BE5000DD6C0 /* ActivityIndicator.swift */; };
		E8AA40712C2C7901000DD6C0 /* TrailerVC.swift in Sources */ = {isa = PBXBuildFile; fileRef = E8AA40702C2C7901000DD6C0 /* TrailerVC.swift */; };
		E8AA40742C2C7931000DD6C0 /* YouTubeiOSPlayerHelper in Frameworks */ = {isa = PBXBuildFile; productRef = E8AA40732C2C7931000DD6C0 /* YouTubeiOSPlayerHelper */; };
/* End PBXBuildFile section */

/* Begin PBXFileReference section */
		E80F92102C296FE400AD31E0 /* Movies.app */ = {isa = PBXFileReference; explicitFileType = wrapper.application; includeInIndex = 0; path = Movies.app; sourceTree = BUILT_PRODUCTS_DIR; };
		E80F92132C296FE400AD31E0 /* AppDelegate.swift */ = {isa = PBXFileReference; lastKnownFileType = sourcecode.swift; path = AppDelegate.swift; sourceTree = "<group>"; };
		E80F92152C296FE400AD31E0 /* SceneDelegate.swift */ = {isa = PBXFileReference; lastKnownFileType = sourcecode.swift; path = SceneDelegate.swift; sourceTree = "<group>"; };
		E80F92172C296FE400AD31E0 /* MovieListVC.swift */ = {isa = PBXFileReference; lastKnownFileType = sourcecode.swift; path = MovieListVC.swift; sourceTree = "<group>"; };
		E80F921A2C296FE400AD31E0 /* Base */ = {isa = PBXFileReference; lastKnownFileType = file.storyboard; name = Base; path = Base.lproj/Main.storyboard; sourceTree = "<group>"; };
		E80F921C2C296FE600AD31E0 /* Assets.xcassets */ = {isa = PBXFileReference; lastKnownFileType = folder.assetcatalog; path = Assets.xcassets; sourceTree = "<group>"; };
		E80F921F2C296FE600AD31E0 /* Base */ = {isa = PBXFileReference; lastKnownFileType = file.storyboard; name = Base; path = Base.lproj/LaunchScreen.storyboard; sourceTree = "<group>"; };
		E80F92212C296FE600AD31E0 /* Info.plist */ = {isa = PBXFileReference; lastKnownFileType = text.plist.xml; path = Info.plist; sourceTree = "<group>"; };
		E80F922A2C29781600AD31E0 /* Movie.swift */ = {isa = PBXFileReference; lastKnownFileType = sourcecode.swift; path = Movie.swift; sourceTree = "<group>"; };
		E80F922C2C29783A00AD31E0 /* MovieListVM.swift */ = {isa = PBXFileReference; lastKnownFileType = sourcecode.swift; path = MovieListVM.swift; sourceTree = "<group>"; };
		E80F922F2C297AA100AD31E0 /* MovieCell.swift */ = {isa = PBXFileReference; lastKnownFileType = sourcecode.swift; path = MovieCell.swift; sourceTree = "<group>"; };
		E8AA401F2C2993D2000DD6C0 /* NetworkService.swift */ = {isa = PBXFileReference; lastKnownFileType = sourcecode.swift; path = NetworkService.swift; sourceTree = "<group>"; };
		E8AA40212C2995AB000DD6C0 /* APIError.swift */ = {isa = PBXFileReference; lastKnownFileType = sourcecode.swift; path = APIError.swift; sourceTree = "<group>"; };
		E8AA40232C29B033000DD6C0 /* Utils.swift */ = {isa = PBXFileReference; lastKnownFileType = sourcecode.swift; path = Utils.swift; sourceTree = "<group>"; };
		E8AA40252C29BB8E000DD6C0 /* ImageLoader.swift */ = {isa = PBXFileReference; lastKnownFileType = sourcecode.swift; path = ImageLoader.swift; sourceTree = "<group>"; };
		E8AA402C2C2ACFAF000DD6C0 /* DetailVC.swift */ = {isa = PBXFileReference; lastKnownFileType = sourcecode.swift; path = DetailVC.swift; sourceTree = "<group>"; };
		E8AA402E2C2AEA7B000DD6C0 /* PosterVC.swift */ = {isa = PBXFileReference; lastKnownFileType = sourcecode.swift; path = PosterVC.swift; sourceTree = "<group>"; };
		E8AA40542C2B0FE9000DD6C0 /* Domain.swift */ = {isa = PBXFileReference; lastKnownFileType = sourcecode.swift; path = Domain.swift; sourceTree = "<group>"; };
		E8AA40572C2C36DF000DD6C0 /* AppError.swift */ = {isa = PBXFileReference; lastKnownFileType = sourcecode.swift; path = AppError.swift; sourceTree = "<group>"; };
		E8AA40592C2C3B85000DD6C0 /* DownloadProgressView.swift */ = {isa = PBXFileReference; lastKnownFileType = sourcecode.swift; path = DownloadProgressView.swift; sourceTree = "<group>"; };
		E8AA405E2C2C3BE5000DD6C0 /* ActivityIndicator.swift */ = {isa = PBXFileReference; lastKnownFileType = sourcecode.swift; path = ActivityIndicator.swift; sourceTree = "<group>"; };
		E8AA40702C2C7901000DD6C0 /* TrailerVC.swift */ = {isa = PBXFileReference; lastKnownFileType = sourcecode.swift; path = TrailerVC.swift; sourceTree = "<group>"; };
/* End PBXFileReference section */

/* Begin PBXFrameworksBuildPhase section */
		E80F920D2C296FE400AD31E0 /* Frameworks */ = {
			isa = PBXFrameworksBuildPhase;
			buildActionMask = 2147483647;
			files = (
				E8AA40532C2B05FE000DD6C0 /* Alamofire in Frameworks */,
				E8AA40742C2C7931000DD6C0 /* YouTubeiOSPlayerHelper in Frameworks */,
			);
			runOnlyForDeploymentPostprocessing = 0;
		};
/* End PBXFrameworksBuildPhase section */

/* Begin PBXGroup section */
		E80F92072C296FE400AD31E0 = {
			isa = PBXGroup;
			children = (
				E80F92122C296FE400AD31E0 /* Movies */,
				E80F92112C296FE400AD31E0 /* Products */,
			);
			sourceTree = "<group>";
		};
		E80F92112C296FE400AD31E0 /* Products */ = {
			isa = PBXGroup;
			children = (
				E80F92102C296FE400AD31E0 /* Movies.app */,
			);
			name = Products;
			sourceTree = "<group>";
		};
		E80F92122C296FE400AD31E0 /* Movies */ = {
			isa = PBXGroup;
			children = (
				E8AA401E2C2993B9000DD6C0 /* Services */,
				E80F92272C2974DE00AD31E0 /* Models */,
				E80F922E2C297A7600AD31E0 /* Views */,
				E80F92282C2974E500AD31E0 /* ViewModels */,
				E80F92292C2974F000AD31E0 /* Controllers */,
				E80F92132C296FE400AD31E0 /* AppDelegate.swift */,
				E80F92152C296FE400AD31E0 /* SceneDelegate.swift */,
				E80F92192C296FE400AD31E0 /* Main.storyboard */,
				E80F921C2C296FE600AD31E0 /* Assets.xcassets */,
				E80F921E2C296FE600AD31E0 /* LaunchScreen.storyboard */,
				E8AA40562C2B4887000DD6C0 /* Resources */,
				E80F92212C296FE600AD31E0 /* Info.plist */,
			);
			path = Movies;
			sourceTree = "<group>";
		};
		E80F92272C2974DE00AD31E0 /* Models */ = {
			isa = PBXGroup;
			children = (
				E80F922A2C29781600AD31E0 /* Movie.swift */,
				E8AA40212C2995AB000DD6C0 /* APIError.swift */,
				E8AA40542C2B0FE9000DD6C0 /* Domain.swift */,
				E8AA40572C2C36DF000DD6C0 /* AppError.swift */,
			);
			path = Models;
			sourceTree = "<group>";
		};
		E80F92282C2974E500AD31E0 /* ViewModels */ = {
			isa = PBXGroup;
			children = (
				E80F922C2C29783A00AD31E0 /* MovieListVM.swift */,
			);
			path = ViewModels;
			sourceTree = "<group>";
		};
		E80F92292C2974F000AD31E0 /* Controllers */ = {
			isa = PBXGroup;
			children = (
				E80F92172C296FE400AD31E0 /* MovieListVC.swift */,
				E8AA402C2C2ACFAF000DD6C0 /* DetailVC.swift */,
				E8AA402E2C2AEA7B000DD6C0 /* PosterVC.swift */,
				E8AA40702C2C7901000DD6C0 /* TrailerVC.swift */,
			);
			path = Controllers;
			sourceTree = "<group>";
		};
		E80F922E2C297A7600AD31E0 /* Views */ = {
			isa = PBXGroup;
			children = (
				E8AA405B2C2C3BB3000DD6C0 /* Progress */,
				E80F922F2C297AA100AD31E0 /* MovieCell.swift */,
			);
			path = Views;
			sourceTree = "<group>";
		};
		E8AA401E2C2993B9000DD6C0 /* Services */ = {
			isa = PBXGroup;
			children = (
				E8AA401F2C2993D2000DD6C0 /* NetworkService.swift */,
				E8AA40232C29B033000DD6C0 /* Utils.swift */,
				E8AA40252C29BB8E000DD6C0 /* ImageLoader.swift */,
			);
			path = Services;
			sourceTree = "<group>";
		};
		E8AA40562C2B4887000DD6C0 /* Resources */ = {
			isa = PBXGroup;
			children = (
			);
			path = Resources;
			sourceTree = "<group>";
		};
		E8AA405B2C2C3BB3000DD6C0 /* Progress */ = {
			isa = PBXGroup;
			children = (
				E8AA40592C2C3B85000DD6C0 /* DownloadProgressView.swift */,
				E8AA405E2C2C3BE5000DD6C0 /* ActivityIndicator.swift */,
			);
			path = Progress;
			sourceTree = "<group>";
		};
/* End PBXGroup section */

/* Begin PBXNativeTarget section */
		E80F920F2C296FE400AD31E0 /* Movies */ = {
			isa = PBXNativeTarget;
			buildConfigurationList = E80F92242C296FE600AD31E0 /* Build configuration list for PBXNativeTarget "Movies" */;
			buildPhases = (
				E80F920C2C296FE400AD31E0 /* Sources */,
				E80F920D2C296FE400AD31E0 /* Frameworks */,
				E80F920E2C296FE400AD31E0 /* Resources */,
			);
			buildRules = (
			);
			dependencies = (
			);
			name = Movies;
			packageProductDependencies = (
				E8AA40522C2B05FE000DD6C0 /* Alamofire */,
				E8AA40732C2C7931000DD6C0 /* YouTubeiOSPlayerHelper */,
			);
			productName = Movies;
			productReference = E80F92102C296FE400AD31E0 /* Movies.app */;
			productType = "com.apple.product-type.application";
		};
/* End PBXNativeTarget section */

/* Begin PBXProject section */
		E80F92082C296FE400AD31E0 /* Project object */ = {
			isa = PBXProject;
			attributes = {
				BuildIndependentTargetsInParallel = 1;
				LastSwiftUpdateCheck = 1540;
				LastUpgradeCheck = 1540;
				TargetAttributes = {
					E80F920F2C296FE400AD31E0 = {
						CreatedOnToolsVersion = 15.4;
					};
				};
			};
			buildConfigurationList = E80F920B2C296FE400AD31E0 /* Build configuration list for PBXProject "Movies" */;
			compatibilityVersion = "Xcode 14.0";
			developmentRegion = en;
			hasScannedForEncodings = 0;
			knownRegions = (
				en,
				Base,
			);
			mainGroup = E80F92072C296FE400AD31E0;
			packageReferences = (
				E8AA40512C2B05FE000DD6C0 /* XCRemoteSwiftPackageReference "Alamofire" */,
				E8AA40722C2C7931000DD6C0 /* XCRemoteSwiftPackageReference "youtube-ios-player-helper" */,
			);
			productRefGroup = E80F92112C296FE400AD31E0 /* Products */;
			projectDirPath = "";
			projectRoot = "";
			targets = (
				E80F920F2C296FE400AD31E0 /* Movies */,
			);
		};
/* End PBXProject section */

/* Begin PBXResourcesBuildPhase section */
		E80F920E2C296FE400AD31E0 /* Resources */ = {
			isa = PBXResourcesBuildPhase;
			buildActionMask = 2147483647;
			files = (
				E80F921D2C296FE600AD31E0 /* Assets.xcassets in Resources */,
				E80F92202C296FE600AD31E0 /* Base in Resources */,
				E80F921B2C296FE400AD31E0 /* Base in Resources */,
			);
			runOnlyForDeploymentPostprocessing = 0;
		};
/* End PBXResourcesBuildPhase section */

/* Begin PBXSourcesBuildPhase section */
		E80F920C2C296FE400AD31E0 /* Sources */ = {
			isa = PBXSourcesBuildPhase;
			buildActionMask = 2147483647;
			files = (
				E80F92182C296FE400AD31E0 /* MovieListVC.swift in Sources */,
				E80F92142C296FE400AD31E0 /* AppDelegate.swift in Sources */,
				E8AA40552C2B0FE9000DD6C0 /* Domain.swift in Sources */,
				E8AA40202C2993D2000DD6C0 /* NetworkService.swift in Sources */,
				E80F92302C297AA100AD31E0 /* MovieCell.swift in Sources */,
				E80F922B2C29781600AD31E0 /* Movie.swift in Sources */,
				E8AA40582C2C36DF000DD6C0 /* AppError.swift in Sources */,
				E8AA402D2C2ACFAF000DD6C0 /* DetailVC.swift in Sources */,
				E8AA40712C2C7901000DD6C0 /* TrailerVC.swift in Sources */,
				E8AA405A2C2C3B85000DD6C0 /* DownloadProgressView.swift in Sources */,
				E8AA40262C29BB8E000DD6C0 /* ImageLoader.swift in Sources */,
				E8AA40242C29B033000DD6C0 /* Utils.swift in Sources */,
				E80F92162C296FE400AD31E0 /* SceneDelegate.swift in Sources */,
				E80F922D2C29783A00AD31E0 /* MovieListVM.swift in Sources */,
				E8AA402F2C2AEA7B000DD6C0 /* PosterVC.swift in Sources */,
				E8AA40222C2995AB000DD6C0 /* APIError.swift in Sources */,
				E8AA405F2C2C3BE5000DD6C0 /* ActivityIndicator.swift in Sources */,
			);
			runOnlyForDeploymentPostprocessing = 0;
		};
/* End PBXSourcesBuildPhase section */

/* Begin PBXVariantGroup section */
		E80F92192C296FE400AD31E0 /* Main.storyboard */ = {
			isa = PBXVariantGroup;
			children = (
				E80F921A2C296FE400AD31E0 /* Base */,
			);
			name = Main.storyboard;
			sourceTree = "<group>";
		};
		E80F921E2C296FE600AD31E0 /* LaunchScreen.storyboard */ = {
			isa = PBXVariantGroup;
			children = (
				E80F921F2C296FE600AD31E0 /* Base */,
			);
			name = LaunchScreen.storyboard;
			sourceTree = "<group>";
		};
/* End PBXVariantGroup section */

/* Begin XCBuildConfiguration section */
		E80F92222C296FE600AD31E0 /* Debug */ = {
			isa = XCBuildConfiguration;
			buildSettings = {
				ALWAYS_SEARCH_USER_PATHS = NO;
				ASSETCATALOG_COMPILER_GENERATE_SWIFT_ASSET_SYMBOL_EXTENSIONS = YES;
				CLANG_ANALYZER_NONNULL = YES;
				CLANG_ANALYZER_NUMBER_OBJECT_CONVERSION = YES_AGGRESSIVE;
				CLANG_CXX_LANGUAGE_STANDARD = "gnu++20";
				CLANG_ENABLE_MODULES = YES;
				CLANG_ENABLE_OBJC_ARC = YES;
				CLANG_ENABLE_OBJC_WEAK = YES;
				CLANG_WARN_BLOCK_CAPTURE_AUTORELEASING = YES;
				CLANG_WARN_BOOL_CONVERSION = YES;
				CLANG_WARN_COMMA = YES;
				CLANG_WARN_CONSTANT_CONVERSION = YES;
				CLANG_WARN_DEPRECATED_OBJC_IMPLEMENTATIONS = YES;
				CLANG_WARN_DIRECT_OBJC_ISA_USAGE = YES_ERROR;
				CLANG_WARN_DOCUMENTATION_COMMENTS = YES;
				CLANG_WARN_EMPTY_BODY = YES;
				CLANG_WARN_ENUM_CONVERSION = YES;
				CLANG_WARN_INFINITE_RECURSION = YES;
				CLANG_WARN_INT_CONVERSION = YES;
				CLANG_WARN_NON_LITERAL_NULL_CONVERSION = YES;
				CLANG_WARN_OBJC_IMPLICIT_RETAIN_SELF = YES;
				CLANG_WARN_OBJC_LITERAL_CONVERSION = YES;
				CLANG_WARN_OBJC_ROOT_CLASS = YES_ERROR;
				CLANG_WARN_QUOTED_INCLUDE_IN_FRAMEWORK_HEADER = YES;
				CLANG_WARN_RANGE_LOOP_ANALYSIS = YES;
				CLANG_WARN_STRICT_PROTOTYPES = YES;
				CLANG_WARN_SUSPICIOUS_MOVE = YES;
				CLANG_WARN_UNGUARDED_AVAILABILITY = YES_AGGRESSIVE;
				CLANG_WARN_UNREACHABLE_CODE = YES;
				CLANG_WARN__DUPLICATE_METHOD_MATCH = YES;
				COPY_PHASE_STRIP = NO;
				DEBUG_INFORMATION_FORMAT = dwarf;
				ENABLE_STRICT_OBJC_MSGSEND = YES;
				ENABLE_TESTABILITY = YES;
				ENABLE_USER_SCRIPT_SANDBOXING = YES;
				GCC_C_LANGUAGE_STANDARD = gnu17;
				GCC_DYNAMIC_NO_PIC = NO;
				GCC_NO_COMMON_BLOCKS = YES;
				GCC_OPTIMIZATION_LEVEL = 0;
				GCC_PREPROCESSOR_DEFINITIONS = (
					"DEBUG=1",
					"$(inherited)",
				);
				GCC_WARN_64_TO_32_BIT_CONVERSION = YES;
				GCC_WARN_ABOUT_RETURN_TYPE = YES_ERROR;
				GCC_WARN_UNDECLARED_SELECTOR = YES;
				GCC_WARN_UNINITIALIZED_AUTOS = YES_AGGRESSIVE;
				GCC_WARN_UNUSED_FUNCTION = YES;
				GCC_WARN_UNUSED_VARIABLE = YES;
				IPHONEOS_DEPLOYMENT_TARGET = 17.5;
				LOCALIZATION_PREFERS_STRING_CATALOGS = YES;
				MTL_ENABLE_DEBUG_INFO = INCLUDE_SOURCE;
				MTL_FAST_MATH = YES;
				ONLY_ACTIVE_ARCH = YES;
				SDKROOT = iphoneos;
				SWIFT_ACTIVE_COMPILATION_CONDITIONS = "DEBUG $(inherited)";
				SWIFT_OPTIMIZATION_LEVEL = "-Onone";
			};
			name = Debug;
		};
		E80F92232C296FE600AD31E0 /* Release */ = {
			isa = XCBuildConfiguration;
			buildSettings = {
				ALWAYS_SEARCH_USER_PATHS = NO;
				ASSETCATALOG_COMPILER_GENERATE_SWIFT_ASSET_SYMBOL_EXTENSIONS = YES;
				CLANG_ANALYZER_NONNULL = YES;
				CLANG_ANALYZER_NUMBER_OBJECT_CONVERSION = YES_AGGRESSIVE;
				CLANG_CXX_LANGUAGE_STANDARD = "gnu++20";
				CLANG_ENABLE_MODULES = YES;
				CLANG_ENABLE_OBJC_ARC = YES;
				CLANG_ENABLE_OBJC_WEAK = YES;
				CLANG_WARN_BLOCK_CAPTURE_AUTORELEASING = YES;
				CLANG_WARN_BOOL_CONVERSION = YES;
				CLANG_WARN_COMMA = YES;
				CLANG_WARN_CONSTANT_CONVERSION = YES;
				CLANG_WARN_DEPRECATED_OBJC_IMPLEMENTATIONS = YES;
				CLANG_WARN_DIRECT_OBJC_ISA_USAGE = YES_ERROR;
				CLANG_WARN_DOCUMENTATION_COMMENTS = YES;
				CLANG_WARN_EMPTY_BODY = YES;
				CLANG_WARN_ENUM_CONVERSION = YES;
				CLANG_WARN_INFINITE_RECURSION = YES;
				CLANG_WARN_INT_CONVERSION = YES;
				CLANG_WARN_NON_LITERAL_NULL_CONVERSION = YES;
				CLANG_WARN_OBJC_IMPLICIT_RETAIN_SELF = YES;
				CLANG_WARN_OBJC_LITERAL_CONVERSION = YES;
				CLANG_WARN_OBJC_ROOT_CLASS = YES_ERROR;
				CLANG_WARN_QUOTED_INCLUDE_IN_FRAMEWORK_HEADER = YES;
				CLANG_WARN_RANGE_LOOP_ANALYSIS = YES;
				CLANG_WARN_STRICT_PROTOTYPES = YES;
				CLANG_WARN_SUSPICIOUS_MOVE = YES;
				CLANG_WARN_UNGUARDED_AVAILABILITY = YES_AGGRESSIVE;
				CLANG_WARN_UNREACHABLE_CODE = YES;
				CLANG_WARN__DUPLICATE_METHOD_MATCH = YES;
				COPY_PHASE_STRIP = NO;
				DEBUG_INFORMATION_FORMAT = "dwarf-with-dsym";
				ENABLE_NS_ASSERTIONS = NO;
				ENABLE_STRICT_OBJC_MSGSEND = YES;
				ENABLE_USER_SCRIPT_SANDBOXING = YES;
				GCC_C_LANGUAGE_STANDARD = gnu17;
				GCC_NO_COMMON_BLOCKS = YES;
				GCC_WARN_64_TO_32_BIT_CONVERSION = YES;
				GCC_WARN_ABOUT_RETURN_TYPE = YES_ERROR;
				GCC_WARN_UNDECLARED_SELECTOR = YES;
				GCC_WARN_UNINITIALIZED_AUTOS = YES_AGGRESSIVE;
				GCC_WARN_UNUSED_FUNCTION = YES;
				GCC_WARN_UNUSED_VARIABLE = YES;
				IPHONEOS_DEPLOYMENT_TARGET = 17.5;
				LOCALIZATION_PREFERS_STRING_CATALOGS = YES;
				MTL_ENABLE_DEBUG_INFO = NO;
				MTL_FAST_MATH = YES;
				SDKROOT = iphoneos;
				SWIFT_COMPILATION_MODE = wholemodule;
				VALIDATE_PRODUCT = YES;
			};
			name = Release;
		};
		E80F92252C296FE600AD31E0 /* Debug */ = {
			isa = XCBuildConfiguration;
			buildSettings = {
				ASSETCATALOG_COMPILER_APPICON_NAME = AppIcon;
				ASSETCATALOG_COMPILER_GLOBAL_ACCENT_COLOR_NAME = AccentColor;
				CODE_SIGN_ENTITLEMENTS = "";
				CODE_SIGN_STYLE = Automatic;
				CURRENT_PROJECT_VERSION = 1;
				DEVELOPMENT_TEAM = U4CB493TXH;
				GENERATE_INFOPLIST_FILE = YES;
				INFOPLIST_FILE = Movies/Info.plist;
				INFOPLIST_KEY_UIApplicationSupportsIndirectInputEvents = YES;
				INFOPLIST_KEY_UILaunchStoryboardName = LaunchScreen;
				INFOPLIST_KEY_UIMainStoryboardFile = Main;
				INFOPLIST_KEY_UISupportedInterfaceOrientations_iPad = "UIInterfaceOrientationPortrait UIInterfaceOrientationPortraitUpsideDown UIInterfaceOrientationLandscapeLeft UIInterfaceOrientationLandscapeRight";
				INFOPLIST_KEY_UISupportedInterfaceOrientations_iPhone = "UIInterfaceOrientationPortrait UIInterfaceOrientationLandscapeLeft UIInterfaceOrientationLandscapeRight";
				IPHONEOS_DEPLOYMENT_TARGET = 15.0;
				LD_RUNPATH_SEARCH_PATHS = (
					"$(inherited)",
					"@executable_path/Frameworks",
				);
				MARKETING_VERSION = 1.0;
				PRODUCT_BUNDLE_IDENTIFIER = drevis.tp.Movies;
				PRODUCT_NAME = "$(TARGET_NAME)";
				SWIFT_EMIT_LOC_STRINGS = YES;
				SWIFT_VERSION = 5.0;
				TARGETED_DEVICE_FAMILY = "1,2";
			};
			name = Debug;
		};
		E80F92262C296FE600AD31E0 /* Release */ = {
			isa = XCBuildConfiguration;
			buildSettings = {
				ASSETCATALOG_COMPILER_APPICON_NAME = AppIcon;
				ASSETCATALOG_COMPILER_GLOBAL_ACCENT_COLOR_NAME = AccentColor;
				CODE_SIGN_ENTITLEMENTS = "";
				CODE_SIGN_STYLE = Automatic;
				CURRENT_PROJECT_VERSION = 1;
				DEVELOPMENT_TEAM = U4CB493TXH;
				GENERATE_INFOPLIST_FILE = YES;
				INFOPLIST_FILE = Movies/Info.plist;
				INFOPLIST_KEY_UIApplicationSupportsIndirectInputEvents = YES;
				INFOPLIST_KEY_UILaunchStoryboardName = LaunchScreen;
				INFOPLIST_KEY_UIMainStoryboardFile = Main;
				INFOPLIST_KEY_UISupportedInterfaceOrientations_iPad = "UIInterfaceOrientationPortrait UIInterfaceOrientationPortraitUpsideDown UIInterfaceOrientationLandscapeLeft UIInterfaceOrientationLandscapeRight";
				INFOPLIST_KEY_UISupportedInterfaceOrientations_iPhone = "UIInterfaceOrientationPortrait UIInterfaceOrientationLandscapeLeft UIInterfaceOrientationLandscapeRight";
				IPHONEOS_DEPLOYMENT_TARGET = 15.0;
				LD_RUNPATH_SEARCH_PATHS = (
					"$(inherited)",
					"@executable_path/Frameworks",
				);
				MARKETING_VERSION = 1.0;
				PRODUCT_BUNDLE_IDENTIFIER = drevis.tp.Movies;
				PRODUCT_NAME = "$(TARGET_NAME)";
				SWIFT_EMIT_LOC_STRINGS = YES;
				SWIFT_VERSION = 5.0;
				TARGETED_DEVICE_FAMILY = "1,2";
			};
			name = Release;
		};
/* End XCBuildConfiguration section */

/* Begin XCConfigurationList section */
		E80F920B2C296FE400AD31E0 /* Build configuration list for PBXProject "Movies" */ = {
			isa = XCConfigurationList;
			buildConfigurations = (
				E80F92222C296FE600AD31E0 /* Debug */,
				E80F92232C296FE600AD31E0 /* Release */,
			);
			defaultConfigurationIsVisible = 0;
			defaultConfigurationName = Release;
		};
		E80F92242C296FE600AD31E0 /* Build configuration list for PBXNativeTarget "Movies" */ = {
			isa = XCConfigurationList;
			buildConfigurations = (
				E80F92252C296FE600AD31E0 /* Debug */,
				E80F92262C296FE600AD31E0 /* Release */,
			);
			defaultConfigurationIsVisible = 0;
			defaultConfigurationName = Release;
		};
/* End XCConfigurationList section */

/* Begin XCRemoteSwiftPackageReference section */
		E8AA40512C2B05FE000DD6C0 /* XCRemoteSwiftPackageReference "Alamofire" */ = {
			isa = XCRemoteSwiftPackageReference;
			repositoryURL = "https://github.com/Alamofire/Alamofire";
			requirement = {
				kind = exactVersion;
				version = 5.0.0;
			};
		};
		E8AA40722C2C7931000DD6C0 /* XCRemoteSwiftPackageReference "youtube-ios-player-helper" */ = {
			isa = XCRemoteSwiftPackageReference;
			repositoryURL = "https://github.com/youtube/youtube-ios-player-helper.git";
			requirement = {
				kind = upToNextMajorVersion;
				minimumVersion = 1.0.4;
			};
		};
/* End XCRemoteSwiftPackageReference section */

/* Begin XCSwiftPackageProductDependency section */
		E8AA40522C2B05FE000DD6C0 /* Alamofire */ = {
			isa = XCSwiftPackageProductDependency;
			package = E8AA40512C2B05FE000DD6C0 /* XCRemoteSwiftPackageReference "Alamofire" */;
			productName = Alamofire;
		};
		E8AA40732C2C7931000DD6C0 /* YouTubeiOSPlayerHelper */ = {
			isa = XCSwiftPackageProductDependency;
			package = E8AA40722C2C7931000DD6C0 /* XCRemoteSwiftPackageReference "youtube-ios-player-helper" */;
			productName = YouTubeiOSPlayerHelper;
		};
/* End XCSwiftPackageProductDependency section */
	};
	rootObject = E80F92082C296FE400AD31E0 /* Project object */;
}
